
Microsoft Visual Studio Solution File, Format Version 12.00
# Visual Studio 2015
Project("{FAE04EC0-301F-11D3-BF4B-00C04F79EFBC}") = "Game---repository.CSharp", "Game---repository.CSharp.csproj", "{6E5A1514-D0B7-1D95-D951-7D38F4B3E894}"
EndProject
Project("{FAE04EC0-301F-11D3-BF4B-00C04F79EFBC}") = "Game---repository.CSharp.Editor", "Game---repository.CSharp.Editor.csproj", "{5AAE6C19-5F6C-1284-AA82-46AF5777EC15}"
EndProject
Global
	GlobalSection(SolutionConfigurationPlatforms) = preSolution
		Debug|Any CPU = Debug|Any CPU
		Release|Any CPU = Release|Any CPU
	EndGlobalSection
	GlobalSection(ProjectConfigurationPlatforms) = postSolution
		{6E5A1514-D0B7-1D95-D951-7D38F4B3E894}.Debug|Any CPU.ActiveCfg = Debug|Any CPU
		{6E5A1514-D0B7-1D95-D951-7D38F4B3E894}.Debug|Any CPU.Build.0 = Debug|Any CPU
		{6E5A1514-D0B7-1D95-D951-7D38F4B3E894}.Release|Any CPU.ActiveCfg = Release|Any CPU
		{6E5A1514-D0B7-1D95-D951-7D38F4B3E894}.Release|Any CPU.Build.0 = Release|Any CPU
		{5AAE6C19-5F6C-1284-AA82-46AF5777EC15}.Debug|Any CPU.ActiveCfg = Debug|Any CPU
		{5AAE6C19-5F6C-1284-AA82-46AF5777EC15}.Debug|Any CPU.Build.0 = Debug|Any CPU
		{5AAE6C19-5F6C-1284-AA82-46AF5777EC15}.Release|Any CPU.ActiveCfg = Release|Any CPU
		{5AAE6C19-5F6C-1284-AA82-46AF5777EC15}.Release|Any CPU.Build.0 = Release|Any CPU
	EndGlobalSection
	GlobalSection(SolutionProperties) = preSolution
		HideSolutionNode = FALSE
	EndGlobalSection
EndGlobal
